{
  "nodes": {
    "home": {
      "inputs": {
        "nixpkgs": "nixpkgs"
      },
      "locked": {
        "lastModified": 1591751635,
        "narHash": "sha256-KgGtyFlkI/fsp+j8VEgJ/ynY9B91aX35Xp04HlDLRTo=",
        "owner": "rycee",
        "repo": "home-manager",
        "rev": "b3fee796fcd5531693d9b84ece76ad6836bb1cfa",
        "type": "github"
      },
      "original": {
        "owner": "rycee",
        "ref": "bqv-flakes",
        "repo": "home-manager",
        "type": "github"
      }
    },
    "lowdown-src": {
      "flake": false,
      "locked": {
        "lastModified": 1598296217,
        "narHash": "sha256-ha7lyNY1d8m+osmDpPc9f/bfZ3ZC1IVIXwfyklSWg8I=",
        "owner": "edolstra",
        "repo": "lowdown",
        "rev": "c7a4e715af1e233080842db82d15b261cb74cb28",
        "type": "github"
      },
      "original": {
        "owner": "edolstra",
        "ref": "no-structs-in-anonymous-unions",
        "repo": "lowdown",
        "type": "github"
      }
    },
    "nix": {
      "inputs": {
        "lowdown-src": "lowdown-src",
        "nixpkgs": "nixpkgs_2"
      },
      "locked": {
        "lastModified": 1599508499,
        "narHash": "sha256-NQQ8s+vvL3AX9kIEGA7ooIXXcPabkM2eGVUw2vvxIL0=",
        "owner": "NixOS",
        "repo": "nix",
        "rev": "77d4758cf2f45a6e999646e292ae563d6f987716",
        "type": "github"
      },
      "original": {
        "id": "nix",
        "type": "indirect"
      }
    },
    "nixpkgs": {
      "locked": {
        "lastModified": 1591748508,
        "narHash": "sha256-GdYYaYsSBgYUhbDT1JJQ7vEgo8FWeW/AW7/qqJuCvRA=",
        "owner": "NixOS",
        "repo": "nixpkgs",
        "rev": "1d8c4410687390f9b8f92dbe6ff39fd8fc2b17c6",
        "type": "github"
      },
      "original": {
        "id": "nixpkgs",
        "type": "indirect"
      }
    },
    "nixpkgs-stable": {
      "flake": false,
      "locked": {
        "lastModified": 1599441668,
        "narHash": "sha256-nkNnghnQIHxi9ImskoHTcNNSO0pEefrJ/I9G+GCw4cM=",
        "owner": "NixOS",
        "repo": "nixpkgs",
        "rev": "42674051d12540d4a996504990c6ea3619505953",
        "type": "github"
      },
      "original": {
        "owner": "NixOS",
        "ref": "nixos-20.03",
        "repo": "nixpkgs",
        "type": "github"
      }
    },
    "nixpkgs_2": {
      "locked": {
        "lastModified": 1591633336,
        "narHash": "sha256-oVXv4xAnDJB03LvZGbC72vSVlIbbJr8tpjEW5o/Fdek=",
        "owner": "NixOS",
        "repo": "nixpkgs",
        "rev": "70717a337f7ae4e486ba71a500367cad697e5f09",
        "type": "github"
      },
      "original": {
        "id": "nixpkgs",
        "ref": "nixos-20.03-small",
        "type": "indirect"
      }
    },
    "nixpkgs_3": {
      "locked": {
        "lastModified": 1599486375,
        "narHash": "sha256-1Mk+605nLIgfQxMtqev/msrHt+C/w0OkC5wgbviP0nU=",
        "owner": "NixOS",
        "repo": "nixpkgs-channels",
        "rev": "a31736120c5de6e632f5a0ba1ed34e53fc1c1b00",
        "type": "github"
      },
      "original": {
        "owner": "NixOS",
        "ref": "nixos-unstable",
        "repo": "nixpkgs-channels",
        "type": "github"
      }
    },
    "nur": {
      "locked": {
        "lastModified": 1599500782,
        "narHash": "sha256-GVTrmHYcl1n1nWP6OnjElrTCs7PkOH+T+ed+sVZAEaM=",
        "owner": "nix-community",
        "repo": "NUR",
        "rev": "34cee2d9e449733c9250257f51bb42acfd43ea11",
        "type": "github"
      },
      "original": {
        "owner": "nix-community",
        "repo": "NUR",
        "type": "github"
      }
    },
    "root": {
      "inputs": {
        "home": "home",
        "nix": "nix",
        "nixpkgs": "nixpkgs_3",
        "nixpkgs-stable": "nixpkgs-stable",
        "nur": "nur"
      }
    }
  },
  "root": "root",
  "version": 7
}
