{
  "nodes": {
    "nixpkgs": {
      "locked": {
        "lastModified": 1609978606,
        "narHash": "sha256-bUqRRfQaRCNDswzsrldAsY5bdBD0bDnXSCTGh0nVIXU=",
        "owner": "NixOS",
        "repo": "nixpkgs",
        "rev": "3e635c6f6eabb435c60e1c7b0de6e217ac28b2b7",
        "type": "github"
      },
      "original": {
        "id": "nixpkgs",
        "type": "indirect"
      }
    },
    "root": {
      "inputs": {
        "nixpkgs": "nixpkgs"
      }
    }
  },
  "root": "root",
  "version": 7
}
